
Microsoft Visual Studio Solution File, Format Version 12.00
# Visual Studio 15
VisualStudioVersion = 15.0.28307.329
MinimumVisualStudioVersion = 10.0.40219.1
Project("{FAE04EC0-301F-11D3-BF4B-00C04F79EFBC}") = "CodeFirstAzure", "CodeFirstAzure\CodeFirstAzure.csproj", "{8F57A9FC-1702-4B94-AF3F-315752E000BF}"
EndProject
Global
	GlobalSection(SolutionConfigurationPlatforms) = preSolution
		Debug|Any CPU = Debug|Any CPU
		Release|Any CPU = Release|Any CPU
	EndGlobalSection
	GlobalSection(ProjectConfigurationPlatforms) = postSolution
		{8F57A9FC-1702-4B94-AF3F-315752E000BF}.Debug|Any CPU.ActiveCfg = Debug|Any CPU
		{8F57A9FC-1702-4B94-AF3F-315752E000BF}.Debug|Any CPU.Build.0 = Debug|Any CPU
		{8F57A9FC-1702-4B94-AF3F-315752E000BF}.Release|Any CPU.ActiveCfg = Release|Any CPU
		{8F57A9FC-1702-4B94-AF3F-315752E000BF}.Release|Any CPU.Build.0 = Release|Any CPU
	EndGlobalSection
	GlobalSection(SolutionProperties) = preSolution
		HideSolutionNode = FALSE
	EndGlobalSection
	GlobalSection(ExtensibilityGlobals) = postSolution
		SolutionGuid = {B5C1D33C-B04E-4417-9580-B0BB8273B8BF}
	EndGlobalSection
EndGlobal
