
Microsoft Visual Studio Solution File, Format Version 12.00
# Visual Studio 15
VisualStudioVersion = 15.0.28307.329
MinimumVisualStudioVersion = 10.0.40219.1
Project("{FAE04EC0-301F-11D3-BF4B-00C04F79EFBC}") = "ClientBlob", "ClientBlob\ClientBlob.csproj", "{5337235A-CF58-4DA9-9B98-F27D2CDC3CAF}"
EndProject
Global
	GlobalSection(SolutionConfigurationPlatforms) = preSolution
		Debug|Any CPU = Debug|Any CPU
		Release|Any CPU = Release|Any CPU
	EndGlobalSection
	GlobalSection(ProjectConfigurationPlatforms) = postSolution
		{5337235A-CF58-4DA9-9B98-F27D2CDC3CAF}.Debug|Any CPU.ActiveCfg = Debug|Any CPU
		{5337235A-CF58-4DA9-9B98-F27D2CDC3CAF}.Debug|Any CPU.Build.0 = Debug|Any CPU
		{5337235A-CF58-4DA9-9B98-F27D2CDC3CAF}.Release|Any CPU.ActiveCfg = Release|Any CPU
		{5337235A-CF58-4DA9-9B98-F27D2CDC3CAF}.Release|Any CPU.Build.0 = Release|Any CPU
	EndGlobalSection
	GlobalSection(SolutionProperties) = preSolution
		HideSolutionNode = FALSE
	EndGlobalSection
	GlobalSection(ExtensibilityGlobals) = postSolution
		SolutionGuid = {E0E78F9E-5EDD-47DC-A55F-A1AE19F1B822}
	EndGlobalSection
EndGlobal
