
Microsoft Visual Studio Solution File, Format Version 12.00
# Visual Studio 15
VisualStudioVersion = 15.0.28307.329
MinimumVisualStudioVersion = 10.0.40219.1
Project("{FAE04EC0-301F-11D3-BF4B-00C04F79EFBC}") = "ClienteApiSeguridadCore", "ClienteApiSeguridadCore\ClienteApiSeguridadCore.csproj", "{EB9EAB84-5DA0-4357-918D-B5DB80F314B3}"
EndProject
Global
	GlobalSection(SolutionConfigurationPlatforms) = preSolution
		Debug|Any CPU = Debug|Any CPU
		Release|Any CPU = Release|Any CPU
	EndGlobalSection
	GlobalSection(ProjectConfigurationPlatforms) = postSolution
		{EB9EAB84-5DA0-4357-918D-B5DB80F314B3}.Debug|Any CPU.ActiveCfg = Debug|Any CPU
		{EB9EAB84-5DA0-4357-918D-B5DB80F314B3}.Debug|Any CPU.Build.0 = Debug|Any CPU
		{EB9EAB84-5DA0-4357-918D-B5DB80F314B3}.Release|Any CPU.ActiveCfg = Release|Any CPU
		{EB9EAB84-5DA0-4357-918D-B5DB80F314B3}.Release|Any CPU.Build.0 = Release|Any CPU
	EndGlobalSection
	GlobalSection(SolutionProperties) = preSolution
		HideSolutionNode = FALSE
	EndGlobalSection
	GlobalSection(ExtensibilityGlobals) = postSolution
		SolutionGuid = {3A8DFD5A-0C1F-436F-A443-D8F0AEC4037C}
	EndGlobalSection
EndGlobal
