
Microsoft Visual Studio Solution File, Format Version 12.00
# Visual Studio 15
VisualStudioVersion = 15.0.28307.329
MinimumVisualStudioVersion = 10.0.40219.1
Project("{FAE04EC0-301F-11D3-BF4B-00C04F79EFBC}") = "LogicaEmpleado", "ILogicaEmpleado\LogicaEmpleado.csproj", "{AB633751-5CF1-4A6A-A7CC-11E29D017DD5}"
EndProject
Project("{FAE04EC0-301F-11D3-BF4B-00C04F79EFBC}") = "HostEmpleados", "HostEmpleados\HostEmpleados.csproj", "{D51BCF23-EAF7-4874-9D1A-2FFC8E3BEE30}"
EndProject
Project("{FAE04EC0-301F-11D3-BF4B-00C04F79EFBC}") = "ClienteServicioEmpleados", "ClienteServicioEmpleados\ClienteServicioEmpleados.csproj", "{FC21C720-37AF-4444-AFC1-6B9C61F5E611}"
	ProjectSection(ProjectDependencies) = postProject
		{D51BCF23-EAF7-4874-9D1A-2FFC8E3BEE30} = {D51BCF23-EAF7-4874-9D1A-2FFC8E3BEE30}
	EndProjectSection
EndProject
Global
	GlobalSection(SolutionConfigurationPlatforms) = preSolution
		Debug|Any CPU = Debug|Any CPU
		Release|Any CPU = Release|Any CPU
	EndGlobalSection
	GlobalSection(ProjectConfigurationPlatforms) = postSolution
		{AB633751-5CF1-4A6A-A7CC-11E29D017DD5}.Debug|Any CPU.ActiveCfg = Debug|Any CPU
		{AB633751-5CF1-4A6A-A7CC-11E29D017DD5}.Debug|Any CPU.Build.0 = Debug|Any CPU
		{AB633751-5CF1-4A6A-A7CC-11E29D017DD5}.Release|Any CPU.ActiveCfg = Release|Any CPU
		{AB633751-5CF1-4A6A-A7CC-11E29D017DD5}.Release|Any CPU.Build.0 = Release|Any CPU
		{D51BCF23-EAF7-4874-9D1A-2FFC8E3BEE30}.Debug|Any CPU.ActiveCfg = Debug|Any CPU
		{D51BCF23-EAF7-4874-9D1A-2FFC8E3BEE30}.Debug|Any CPU.Build.0 = Debug|Any CPU
		{D51BCF23-EAF7-4874-9D1A-2FFC8E3BEE30}.Release|Any CPU.ActiveCfg = Release|Any CPU
		{D51BCF23-EAF7-4874-9D1A-2FFC8E3BEE30}.Release|Any CPU.Build.0 = Release|Any CPU
		{FC21C720-37AF-4444-AFC1-6B9C61F5E611}.Debug|Any CPU.ActiveCfg = Debug|Any CPU
		{FC21C720-37AF-4444-AFC1-6B9C61F5E611}.Debug|Any CPU.Build.0 = Debug|Any CPU
		{FC21C720-37AF-4444-AFC1-6B9C61F5E611}.Release|Any CPU.ActiveCfg = Release|Any CPU
		{FC21C720-37AF-4444-AFC1-6B9C61F5E611}.Release|Any CPU.Build.0 = Release|Any CPU
	EndGlobalSection
	GlobalSection(SolutionProperties) = preSolution
		HideSolutionNode = FALSE
	EndGlobalSection
	GlobalSection(ExtensibilityGlobals) = postSolution
		SolutionGuid = {E0587B47-F035-41EA-9054-85C917C3C843}
	EndGlobalSection
EndGlobal
