
Microsoft Visual Studio Solution File, Format Version 12.00
# Visual Studio 15
VisualStudioVersion = 15.0.28307.329
MinimumVisualStudioVersion = 10.0.40219.1
Project("{FAE04EC0-301F-11D3-BF4B-00C04F79EFBC}") = "ApiDepartamentos", "ApiDepartamentos\ApiDepartamentos.csproj", "{A3ADAAAB-245E-4DC7-860A-844649C5EB13}"
EndProject
Global
	GlobalSection(SolutionConfigurationPlatforms) = preSolution
		Debug|Any CPU = Debug|Any CPU
		Release|Any CPU = Release|Any CPU
	EndGlobalSection
	GlobalSection(ProjectConfigurationPlatforms) = postSolution
		{A3ADAAAB-245E-4DC7-860A-844649C5EB13}.Debug|Any CPU.ActiveCfg = Debug|Any CPU
		{A3ADAAAB-245E-4DC7-860A-844649C5EB13}.Debug|Any CPU.Build.0 = Debug|Any CPU
		{A3ADAAAB-245E-4DC7-860A-844649C5EB13}.Release|Any CPU.ActiveCfg = Release|Any CPU
		{A3ADAAAB-245E-4DC7-860A-844649C5EB13}.Release|Any CPU.Build.0 = Release|Any CPU
	EndGlobalSection
	GlobalSection(SolutionProperties) = preSolution
		HideSolutionNode = FALSE
	EndGlobalSection
	GlobalSection(ExtensibilityGlobals) = postSolution
		SolutionGuid = {1F50828B-F0EC-4F05-B7C5-9A75FCF82E99}
	EndGlobalSection
EndGlobal
