
Microsoft Visual Studio Solution File, Format Version 12.00
# Visual Studio 15
VisualStudioVersion = 15.0.28307.329
MinimumVisualStudioVersion = 10.0.40219.1
Project("{CC5FD16D-436D-48AD-A40C-5A424C6E3E79}") = "WCFNumerosAleatorios", "WCFNumerosAleatorios\WCFNumerosAleatorios.ccproj", "{1E05278C-CC71-41AA-893E-AE1622B30D3C}"
EndProject
Project("{FAE04EC0-301F-11D3-BF4B-00C04F79EFBC}") = "WCFServiceWebRole1", "WCFServiceWebRole1\WCFServiceWebRole1.csproj", "{ED5AEBAA-FB18-4748-843D-2A769243F599}"
EndProject
Project("{FAE04EC0-301F-11D3-BF4B-00C04F79EFBC}") = "ClienteNumerosAleatorios", "ClienteNumerosAleatorios\ClienteNumerosAleatorios.csproj", "{CDEED300-1229-42D8-BF75-410CB8CC5C52}"
	ProjectSection(ProjectDependencies) = postProject
		{ED5AEBAA-FB18-4748-843D-2A769243F599} = {ED5AEBAA-FB18-4748-843D-2A769243F599}
	EndProjectSection
EndProject
Global
	GlobalSection(SolutionConfigurationPlatforms) = preSolution
		Debug|Any CPU = Debug|Any CPU
		Release|Any CPU = Release|Any CPU
	EndGlobalSection
	GlobalSection(ProjectConfigurationPlatforms) = postSolution
		{1E05278C-CC71-41AA-893E-AE1622B30D3C}.Debug|Any CPU.ActiveCfg = Debug|Any CPU
		{1E05278C-CC71-41AA-893E-AE1622B30D3C}.Debug|Any CPU.Build.0 = Debug|Any CPU
		{1E05278C-CC71-41AA-893E-AE1622B30D3C}.Release|Any CPU.ActiveCfg = Release|Any CPU
		{1E05278C-CC71-41AA-893E-AE1622B30D3C}.Release|Any CPU.Build.0 = Release|Any CPU
		{ED5AEBAA-FB18-4748-843D-2A769243F599}.Debug|Any CPU.ActiveCfg = Debug|Any CPU
		{ED5AEBAA-FB18-4748-843D-2A769243F599}.Debug|Any CPU.Build.0 = Debug|Any CPU
		{ED5AEBAA-FB18-4748-843D-2A769243F599}.Release|Any CPU.ActiveCfg = Release|Any CPU
		{ED5AEBAA-FB18-4748-843D-2A769243F599}.Release|Any CPU.Build.0 = Release|Any CPU
		{CDEED300-1229-42D8-BF75-410CB8CC5C52}.Debug|Any CPU.ActiveCfg = Debug|Any CPU
		{CDEED300-1229-42D8-BF75-410CB8CC5C52}.Debug|Any CPU.Build.0 = Debug|Any CPU
		{CDEED300-1229-42D8-BF75-410CB8CC5C52}.Release|Any CPU.ActiveCfg = Release|Any CPU
		{CDEED300-1229-42D8-BF75-410CB8CC5C52}.Release|Any CPU.Build.0 = Release|Any CPU
	EndGlobalSection
	GlobalSection(SolutionProperties) = preSolution
		HideSolutionNode = FALSE
	EndGlobalSection
	GlobalSection(ExtensibilityGlobals) = postSolution
		SolutionGuid = {50B46642-CD82-45A4-B3AB-C93EABAD6028}
	EndGlobalSection
EndGlobal
